
Microsoft Visual Studio Solution File, Format Version 12.00
# Visual Studio 15
VisualStudioVersion = 15.0.28010.2036
MinimumVisualStudioVersion = 10.0.40219.1
Project("{2150E333-8FDC-42A3-9474-1A3956D46DE8}") = "PowerUser", "PowerUser", "{F61C0D6D-8733-41B4-BEF6-842E76620582}"
	ProjectSection(SolutionItems) = preProject
		Introduction.md = Introduction.md
	EndProjectSection
EndProject
Global
	GlobalSection(SolutionProperties) = preSolution
		HideSolutionNode = FALSE
	EndGlobalSection
	GlobalSection(ExtensibilityGlobals) = postSolution
		SolutionGuid = {92009C93-D2B3-40E4-B5E2-71335CCEE55B}
	EndGlobalSection
EndGlobal
